
Microsoft Visual Studio Solution File, Format Version 12.00
# Visual Studio Version 16
VisualStudioVersion = 16.0.29920.165
MinimumVisualStudioVersion = 10.0.40219.1
Project("{2150E333-8FDC-42A3-9474-1A3956D46DE8}") = "src", "src", "{694D346F-DAA2-4450-BA31-123ACE134FED}"
EndProject
Project("{2150E333-8FDC-42A3-9474-1A3956D46DE8}") = "Building Blocks", "Building Blocks", "{B9FE6BDA-0818-4D38-BC37-30AE1CEDECB6}"
EndProject
Project("{2150E333-8FDC-42A3-9474-1A3956D46DE8}") = "Web", "Web", "{EE07DD23-7A55-4EAB-B4CD-607F7F4A2F4B}"
EndProject
Project("{2150E333-8FDC-42A3-9474-1A3956D46DE8}") = "Services", "Services", "{C965620E-32C1-48DD-B2CF-46A235434522}"
EndProject
Project("{2150E333-8FDC-42A3-9474-1A3956D46DE8}") = "Identidade", "Identidade", "{FD295976-F50C-49A2-9B7A-C088B4B6BC83}"
EndProject
Project("{9A19103F-16F7-4668-BE54-9A1E7A4F7556}") = "NSE.Identidade.API", "src\services\NSE.Identidade.API\NSE.Identidade.API.csproj", "{91C7CF86-0508-4C8B-864E-0153E9BD3EFE}"
EndProject
Project("{2150E333-8FDC-42A3-9474-1A3956D46DE8}") = "MVC", "MVC", "{E298095C-9AF3-4B88-8E49-182FDFF6C0CD}"
EndProject
Project("{9A19103F-16F7-4668-BE54-9A1E7A4F7556}") = "NSE.WebApp.MVC", "src\web\NSE.WebApp.MVC\NSE.WebApp.MVC.csproj", "{1E129954-822A-4A2B-B2D1-47F00653BAE4}"
EndProject
Project("{2150E333-8FDC-42A3-9474-1A3956D46DE8}") = "Core", "Core", "{1FD4C32E-0839-4C4E-AFCE-B091C82B82AC}"
EndProject
Project("{9A19103F-16F7-4668-BE54-9A1E7A4F7556}") = "NSE.Core", "src\building blocks\NSE.Core\NSE.Core.csproj", "{F497A484-D68A-4B01-87F3-55E35F848604}"
EndProject
Project("{2150E333-8FDC-42A3-9474-1A3956D46DE8}") = "Carrinho", "Carrinho", "{9CB90479-4E60-4C74-92E7-D3750DE24A04}"
EndProject
Project("{2150E333-8FDC-42A3-9474-1A3956D46DE8}") = "Catalogo", "Catalogo", "{1D9F409C-08EF-4635-AE32-C4386CB30CD1}"
EndProject
Project("{2150E333-8FDC-42A3-9474-1A3956D46DE8}") = "Cliente", "Cliente", "{4AAA850C-0CD5-4C8A-9934-2640DD4656C0}"
EndProject
Project("{2150E333-8FDC-42A3-9474-1A3956D46DE8}") = "Pagamento", "Pagamento", "{947FAFE3-3AB3-4CAA-A28D-076117AEA9FA}"
EndProject
Project("{2150E333-8FDC-42A3-9474-1A3956D46DE8}") = "Pedido", "Pedido", "{9A76CBF1-AD47-4AFF-BE04-2811A7D75F5B}"
EndProject
Project("{9A19103F-16F7-4668-BE54-9A1E7A4F7556}") = "NSE.Carrinho.API", "src\services\NSE.Carrinho.API\NSE.Carrinho.API.csproj", "{87568526-5AE4-47CF-917E-6DDFC5F96ADF}"
EndProject
Project("{9A19103F-16F7-4668-BE54-9A1E7A4F7556}") = "NSE.Catalogo.API", "src\services\NSE.Catalogo.API\NSE.Catalogo.API.csproj", "{62D8AD93-6B9D-4C79-B472-D9ECDE2F23E5}"
EndProject
Project("{9A19103F-16F7-4668-BE54-9A1E7A4F7556}") = "NSE.Cliente.API", "src\services\NSE.Cliente.API\NSE.Cliente.API.csproj", "{AE8E2081-F982-4FD3-AAC7-94D1D482B40D}"
EndProject
Project("{9A19103F-16F7-4668-BE54-9A1E7A4F7556}") = "NSE.Pagamento.API", "src\services\NSE.Pagamento.API\NSE.Pagamento.API.csproj", "{B9237EAC-10B1-4156-94BD-1BC465444F3C}"
EndProject
Project("{9A19103F-16F7-4668-BE54-9A1E7A4F7556}") = "NSE.Pedido.API", "src\services\NSE.Pedido.API\NSE.Pedido.API.csproj", "{5CD20EB2-C925-4BA5-A0E3-EE5C05D69B35}"
EndProject
Project("{2150E333-8FDC-42A3-9474-1A3956D46DE8}") = "Identidade - Pratica", "Identidade - Pratica", "{96BB2B53-41E7-460E-B50A-DAD9AD085475}"
EndProject
Project("{9A19103F-16F7-4668-BE54-9A1E7A4F7556}") = "WebApplication1", "src\services\NSE.IdentidadePratica.API\WebApplication1\WebApplication1.csproj", "{C7F4B2B4-4895-49EB-88B4-45EE0641B392}"
EndProject
Project("{2150E333-8FDC-42A3-9474-1A3956D46DE8}") = "Services", "Services", "{3B80D1FF-384E-4913-A1C5-2C153A222C68}"
EndProject
Project("{FAE04EC0-301F-11D3-BF4B-00C04F79EFBC}") = "NSE.WebApi.Core", "src\building blocks\NSE.WebApi.Core\NSE.WebApi.Core.csproj", "{DBFC5E6A-06A3-4255-A5A6-45EAC51140CF}"
EndProject
Global
	GlobalSection(SolutionConfigurationPlatforms) = preSolution
		Debug|Any CPU = Debug|Any CPU
		Release|Any CPU = Release|Any CPU
	EndGlobalSection
	GlobalSection(ProjectConfigurationPlatforms) = postSolution
		{91C7CF86-0508-4C8B-864E-0153E9BD3EFE}.Debug|Any CPU.ActiveCfg = Debug|Any CPU
		{91C7CF86-0508-4C8B-864E-0153E9BD3EFE}.Debug|Any CPU.Build.0 = Debug|Any CPU
		{91C7CF86-0508-4C8B-864E-0153E9BD3EFE}.Release|Any CPU.ActiveCfg = Release|Any CPU
		{91C7CF86-0508-4C8B-864E-0153E9BD3EFE}.Release|Any CPU.Build.0 = Release|Any CPU
		{1E129954-822A-4A2B-B2D1-47F00653BAE4}.Debug|Any CPU.ActiveCfg = Debug|Any CPU
		{1E129954-822A-4A2B-B2D1-47F00653BAE4}.Debug|Any CPU.Build.0 = Debug|Any CPU
		{1E129954-822A-4A2B-B2D1-47F00653BAE4}.Release|Any CPU.ActiveCfg = Release|Any CPU
		{1E129954-822A-4A2B-B2D1-47F00653BAE4}.Release|Any CPU.Build.0 = Release|Any CPU
		{F497A484-D68A-4B01-87F3-55E35F848604}.Debug|Any CPU.ActiveCfg = Debug|Any CPU
		{F497A484-D68A-4B01-87F3-55E35F848604}.Debug|Any CPU.Build.0 = Debug|Any CPU
		{F497A484-D68A-4B01-87F3-55E35F848604}.Release|Any CPU.ActiveCfg = Release|Any CPU
		{F497A484-D68A-4B01-87F3-55E35F848604}.Release|Any CPU.Build.0 = Release|Any CPU
		{87568526-5AE4-47CF-917E-6DDFC5F96ADF}.Debug|Any CPU.ActiveCfg = Debug|Any CPU
		{87568526-5AE4-47CF-917E-6DDFC5F96ADF}.Debug|Any CPU.Build.0 = Debug|Any CPU
		{87568526-5AE4-47CF-917E-6DDFC5F96ADF}.Release|Any CPU.ActiveCfg = Release|Any CPU
		{87568526-5AE4-47CF-917E-6DDFC5F96ADF}.Release|Any CPU.Build.0 = Release|Any CPU
		{62D8AD93-6B9D-4C79-B472-D9ECDE2F23E5}.Debug|Any CPU.ActiveCfg = Debug|Any CPU
		{62D8AD93-6B9D-4C79-B472-D9ECDE2F23E5}.Debug|Any CPU.Build.0 = Debug|Any CPU
		{62D8AD93-6B9D-4C79-B472-D9ECDE2F23E5}.Release|Any CPU.ActiveCfg = Release|Any CPU
		{62D8AD93-6B9D-4C79-B472-D9ECDE2F23E5}.Release|Any CPU.Build.0 = Release|Any CPU
		{AE8E2081-F982-4FD3-AAC7-94D1D482B40D}.Debug|Any CPU.ActiveCfg = Debug|Any CPU
		{AE8E2081-F982-4FD3-AAC7-94D1D482B40D}.Debug|Any CPU.Build.0 = Debug|Any CPU
		{AE8E2081-F982-4FD3-AAC7-94D1D482B40D}.Release|Any CPU.ActiveCfg = Release|Any CPU
		{AE8E2081-F982-4FD3-AAC7-94D1D482B40D}.Release|Any CPU.Build.0 = Release|Any CPU
		{B9237EAC-10B1-4156-94BD-1BC465444F3C}.Debug|Any CPU.ActiveCfg = Debug|Any CPU
		{B9237EAC-10B1-4156-94BD-1BC465444F3C}.Debug|Any CPU.Build.0 = Debug|Any CPU
		{B9237EAC-10B1-4156-94BD-1BC465444F3C}.Release|Any CPU.ActiveCfg = Release|Any CPU
		{B9237EAC-10B1-4156-94BD-1BC465444F3C}.Release|Any CPU.Build.0 = Release|Any CPU
		{5CD20EB2-C925-4BA5-A0E3-EE5C05D69B35}.Debug|Any CPU.ActiveCfg = Debug|Any CPU
		{5CD20EB2-C925-4BA5-A0E3-EE5C05D69B35}.Debug|Any CPU.Build.0 = Debug|Any CPU
		{5CD20EB2-C925-4BA5-A0E3-EE5C05D69B35}.Release|Any CPU.ActiveCfg = Release|Any CPU
		{5CD20EB2-C925-4BA5-A0E3-EE5C05D69B35}.Release|Any CPU.Build.0 = Release|Any CPU
		{C7F4B2B4-4895-49EB-88B4-45EE0641B392}.Debug|Any CPU.ActiveCfg = Debug|Any CPU
		{C7F4B2B4-4895-49EB-88B4-45EE0641B392}.Debug|Any CPU.Build.0 = Debug|Any CPU
		{C7F4B2B4-4895-49EB-88B4-45EE0641B392}.Release|Any CPU.ActiveCfg = Release|Any CPU
		{C7F4B2B4-4895-49EB-88B4-45EE0641B392}.Release|Any CPU.Build.0 = Release|Any CPU
		{DBFC5E6A-06A3-4255-A5A6-45EAC51140CF}.Debug|Any CPU.ActiveCfg = Debug|Any CPU
		{DBFC5E6A-06A3-4255-A5A6-45EAC51140CF}.Debug|Any CPU.Build.0 = Debug|Any CPU
		{DBFC5E6A-06A3-4255-A5A6-45EAC51140CF}.Release|Any CPU.ActiveCfg = Release|Any CPU
		{DBFC5E6A-06A3-4255-A5A6-45EAC51140CF}.Release|Any CPU.Build.0 = Release|Any CPU
	EndGlobalSection
	GlobalSection(SolutionProperties) = preSolution
		HideSolutionNode = FALSE
	EndGlobalSection
	GlobalSection(NestedProjects) = preSolution
		{B9FE6BDA-0818-4D38-BC37-30AE1CEDECB6} = {694D346F-DAA2-4450-BA31-123ACE134FED}
		{EE07DD23-7A55-4EAB-B4CD-607F7F4A2F4B} = {694D346F-DAA2-4450-BA31-123ACE134FED}
		{C965620E-32C1-48DD-B2CF-46A235434522} = {694D346F-DAA2-4450-BA31-123ACE134FED}
		{FD295976-F50C-49A2-9B7A-C088B4B6BC83} = {C965620E-32C1-48DD-B2CF-46A235434522}
		{91C7CF86-0508-4C8B-864E-0153E9BD3EFE} = {FD295976-F50C-49A2-9B7A-C088B4B6BC83}
		{E298095C-9AF3-4B88-8E49-182FDFF6C0CD} = {EE07DD23-7A55-4EAB-B4CD-607F7F4A2F4B}
		{1E129954-822A-4A2B-B2D1-47F00653BAE4} = {E298095C-9AF3-4B88-8E49-182FDFF6C0CD}
		{1FD4C32E-0839-4C4E-AFCE-B091C82B82AC} = {B9FE6BDA-0818-4D38-BC37-30AE1CEDECB6}
		{F497A484-D68A-4B01-87F3-55E35F848604} = {1FD4C32E-0839-4C4E-AFCE-B091C82B82AC}
		{9CB90479-4E60-4C74-92E7-D3750DE24A04} = {C965620E-32C1-48DD-B2CF-46A235434522}
		{1D9F409C-08EF-4635-AE32-C4386CB30CD1} = {C965620E-32C1-48DD-B2CF-46A235434522}
		{4AAA850C-0CD5-4C8A-9934-2640DD4656C0} = {C965620E-32C1-48DD-B2CF-46A235434522}
		{947FAFE3-3AB3-4CAA-A28D-076117AEA9FA} = {C965620E-32C1-48DD-B2CF-46A235434522}
		{9A76CBF1-AD47-4AFF-BE04-2811A7D75F5B} = {C965620E-32C1-48DD-B2CF-46A235434522}
		{87568526-5AE4-47CF-917E-6DDFC5F96ADF} = {9CB90479-4E60-4C74-92E7-D3750DE24A04}
		{62D8AD93-6B9D-4C79-B472-D9ECDE2F23E5} = {1D9F409C-08EF-4635-AE32-C4386CB30CD1}
		{AE8E2081-F982-4FD3-AAC7-94D1D482B40D} = {4AAA850C-0CD5-4C8A-9934-2640DD4656C0}
		{B9237EAC-10B1-4156-94BD-1BC465444F3C} = {947FAFE3-3AB3-4CAA-A28D-076117AEA9FA}
		{5CD20EB2-C925-4BA5-A0E3-EE5C05D69B35} = {9A76CBF1-AD47-4AFF-BE04-2811A7D75F5B}
		{96BB2B53-41E7-460E-B50A-DAD9AD085475} = {C965620E-32C1-48DD-B2CF-46A235434522}
		{C7F4B2B4-4895-49EB-88B4-45EE0641B392} = {96BB2B53-41E7-460E-B50A-DAD9AD085475}
		{3B80D1FF-384E-4913-A1C5-2C153A222C68} = {B9FE6BDA-0818-4D38-BC37-30AE1CEDECB6}
		{DBFC5E6A-06A3-4255-A5A6-45EAC51140CF} = {3B80D1FF-384E-4913-A1C5-2C153A222C68}
	EndGlobalSection
	GlobalSection(ExtensibilityGlobals) = postSolution
		SolutionGuid = {E430C2BB-B041-45B3-B0C8-CBF33366422F}
	EndGlobalSection
EndGlobal
